
Microsoft Visual Studio Solution File, Format Version 12.00
# Visual Studio 15
VisualStudioVersion = 15.0.28010.2026
MinimumVisualStudioVersion = 10.0.40219.1
Project("{FAE04EC0-301F-11D3-BF4B-00C04F79EFBC}") = "SistemaBiomedicinaCsharp25042019", "SistemaBiomedicinaCsharp25042019\SistemaBiomedicinaCsharp25042019.csproj", "{652149DF-7FFB-4424-A76D-A78829F2856B}"
EndProject
Global
	GlobalSection(SolutionConfigurationPlatforms) = preSolution
		Debug|Any CPU = Debug|Any CPU
		Release|Any CPU = Release|Any CPU
	EndGlobalSection
	GlobalSection(ProjectConfigurationPlatforms) = postSolution
		{652149DF-7FFB-4424-A76D-A78829F2856B}.Debug|Any CPU.ActiveCfg = Debug|Any CPU
		{652149DF-7FFB-4424-A76D-A78829F2856B}.Debug|Any CPU.Build.0 = Debug|Any CPU
		{652149DF-7FFB-4424-A76D-A78829F2856B}.Release|Any CPU.ActiveCfg = Release|Any CPU
		{652149DF-7FFB-4424-A76D-A78829F2856B}.Release|Any CPU.Build.0 = Release|Any CPU
	EndGlobalSection
	GlobalSection(SolutionProperties) = preSolution
		HideSolutionNode = FALSE
	EndGlobalSection
	GlobalSection(ExtensibilityGlobals) = postSolution
		SolutionGuid = {50F74DF6-032C-42E0-B19C-0E44B332481F}
	EndGlobalSection
EndGlobal
